
Microsoft Visual Studio Solution File, Format Version 12.00
# Visual Studio Version 16
VisualStudioVersion = 16.0.810.25
MinimumVisualStudioVersion = 10.0.40219.1
Project("{FAE04EC0-301F-11D3-BF4B-00C04F79EFBC}") = "basamak_adedi", "basamak_adedi.csproj", "{D267ECBE-B9F7-4DBD-B4EC-61015F9992D9}"
EndProject
Global
	GlobalSection(SolutionConfigurationPlatforms) = preSolution
		Debug|Any CPU = Debug|Any CPU
		Release|Any CPU = Release|Any CPU
	EndGlobalSection
	GlobalSection(ProjectConfigurationPlatforms) = postSolution
		{D267ECBE-B9F7-4DBD-B4EC-61015F9992D9}.Debug|Any CPU.ActiveCfg = Debug|Any CPU
		{D267ECBE-B9F7-4DBD-B4EC-61015F9992D9}.Debug|Any CPU.Build.0 = Debug|Any CPU
		{D267ECBE-B9F7-4DBD-B4EC-61015F9992D9}.Release|Any CPU.ActiveCfg = Release|Any CPU
		{D267ECBE-B9F7-4DBD-B4EC-61015F9992D9}.Release|Any CPU.Build.0 = Release|Any CPU
	EndGlobalSection
	GlobalSection(SolutionProperties) = preSolution
		HideSolutionNode = FALSE
	EndGlobalSection
	GlobalSection(ExtensibilityGlobals) = postSolution
		SolutionGuid = {E1771B22-8600-4519-BF05-1709B2E4B259}
	EndGlobalSection
EndGlobal
