
Microsoft Visual Studio Solution File, Format Version 12.00
# Visual Studio Version 16
VisualStudioVersion = 16.0.810.25
MinimumVisualStudioVersion = 10.0.40219.1
Project("{FAE04EC0-301F-11D3-BF4B-00C04F79EFBC}") = "factorial", "factorial\factorial.csproj", "{3D7C1B93-4170-4066-9C9B-6B150A335BE4}"
EndProject
Global
	GlobalSection(SolutionConfigurationPlatforms) = preSolution
		Debug|Any CPU = Debug|Any CPU
		Release|Any CPU = Release|Any CPU
	EndGlobalSection
	GlobalSection(ProjectConfigurationPlatforms) = postSolution
		{3D7C1B93-4170-4066-9C9B-6B150A335BE4}.Debug|Any CPU.ActiveCfg = Debug|Any CPU
		{3D7C1B93-4170-4066-9C9B-6B150A335BE4}.Debug|Any CPU.Build.0 = Debug|Any CPU
		{3D7C1B93-4170-4066-9C9B-6B150A335BE4}.Release|Any CPU.ActiveCfg = Release|Any CPU
		{3D7C1B93-4170-4066-9C9B-6B150A335BE4}.Release|Any CPU.Build.0 = Release|Any CPU
	EndGlobalSection
	GlobalSection(SolutionProperties) = preSolution
		HideSolutionNode = FALSE
	EndGlobalSection
	GlobalSection(ExtensibilityGlobals) = postSolution
		SolutionGuid = {30E1EAE6-5355-4B95-B3AF-73DF6CD10622}
	EndGlobalSection
EndGlobal
